{
  "version": "2",
  "remote": {
    "https://deno.land/std@0.167.0/_util/asserts.ts": "d0844e9b62510f89ce1f9878b046f6a57bf88f208a10304aab50efcb48365272",
    "https://deno.land/std@0.167.0/bytes/bytes_list.ts": "aba5e2369e77d426b10af1de0dcc4531acecec27f9b9056f4f7bfbf8ac147ab4",
    "https://deno.land/std@0.167.0/bytes/concat.ts": "97a1274e117510ffffc9499c4debb9541e408732bab2e0ca624869ae13103c10",
    "https://deno.land/std@0.167.0/bytes/copy.ts": "d14a58f188a997ee0d2ba696d0c82a42f4fb4b6705e90a4238b77d7644dae24c",
    "https://deno.land/std@0.167.0/fmt/colors.ts": "03ad95e543d2808bc43c17a3dd29d25b43d0f16287fe562a0be89bf632454a12",
    "https://deno.land/std@0.167.0/io/buffer.ts": "9d6f555ded12960bd5a44f57291a82270cca0a77bde6cadd1384a03a86bf876a",
    "https://deno.land/std@0.167.0/io/types.d.ts": "790d3a3fa6b7f298d4cfbcf8bfd9d4be595c1b1acaa3eebb3009177df98bf93c",
    "https://deno.land/std@0.167.0/testing/_diff.ts": "a23e7fc2b4d8daa3e158fa06856bedf5334ce2a2831e8bf9e509717f455adb2c",
    "https://deno.land/std@0.167.0/testing/_format.ts": "cd11136e1797791045e639e9f0f4640d5b4166148796cad37e6ef75f7d7f3832",
    "https://deno.land/std@0.167.0/testing/asserts.ts": "51353e79437361d4b02d8e32f3fc83b22231bc8f8d4c841d86fd32b0b0afe940"
  },
  "npm": {
    "specifiers": { "ansi-to-html": "ansi-to-html@0.7.2" },
    "packages": {
      "ansi-to-html@0.7.2": {
        "integrity": "sha512-v6MqmEpNlxF+POuyhKkidusCHWWkaLcGRURzivcU3I9tv7k4JVhFcnukrM5Rlk2rUywdZuzYAZ+kbZqWCnfN3g==",
        "dependencies": { "entities": "entities@2.2.0" }
      },
      "entities@2.2.0": {
        "integrity": "sha512-p92if5Nz619I0w+akJrLZH0MX0Pb5DX39XOwQTtXSdQQOaYH03S1uIQp4mhOZtAXrxq4ViO67YTiLBo2638o9A==",
        "dependencies": {}
      }
    }
  }
}
